
Microsoft Visual Studio Solution File, Format Version 12.00
# Visual Studio Version 17
VisualStudioVersion = 17.2.32630.192
MinimumVisualStudioVersion = 10.0.40219.1
Project("{FAE04EC0-301F-11D3-BF4B-00C04F79EFBC}") = "Hockey.Android", "Hockey.Android\Hockey.Android.csproj", "{26B1AE3E-A1F3-4742-A834-90FCD089D52B}"
EndProject
Project("{FAE04EC0-301F-11D3-BF4B-00C04F79EFBC}") = "Hockey.iOS", "Hockey.iOS\Hockey.iOS.csproj", "{303BEB4A-9CB7-4CD6-A5CC-D9FCF5298115}"
EndProject
Project("{FAE04EC0-301F-11D3-BF4B-00C04F79EFBC}") = "Hockey", "Hockey\Hockey.csproj", "{2A3C97E8-F312-4E72-AFDB-B7B875326A48}"
EndProject
Global
	GlobalSection(SolutionConfigurationPlatforms) = preSolution
		Debug|Any CPU = Debug|Any CPU
		Debug|iPhone = Debug|iPhone
		Debug|iPhoneSimulator = Debug|iPhoneSimulator
		Release|Any CPU = Release|Any CPU
		Release|iPhone = Release|iPhone
		Release|iPhoneSimulator = Release|iPhoneSimulator
	EndGlobalSection
	GlobalSection(ProjectConfigurationPlatforms) = postSolution
		{26B1AE3E-A1F3-4742-A834-90FCD089D52B}.Debug|Any CPU.ActiveCfg = Debug|Any CPU
		{26B1AE3E-A1F3-4742-A834-90FCD089D52B}.Debug|Any CPU.Build.0 = Debug|Any CPU
		{26B1AE3E-A1F3-4742-A834-90FCD089D52B}.Debug|Any CPU.Deploy.0 = Debug|Any CPU
		{26B1AE3E-A1F3-4742-A834-90FCD089D52B}.Debug|iPhone.ActiveCfg = Debug|Any CPU
		{26B1AE3E-A1F3-4742-A834-90FCD089D52B}.Debug|iPhone.Build.0 = Debug|Any CPU
		{26B1AE3E-A1F3-4742-A834-90FCD089D52B}.Debug|iPhone.Deploy.0 = Debug|Any CPU
		{26B1AE3E-A1F3-4742-A834-90FCD089D52B}.Debug|iPhoneSimulator.ActiveCfg = Debug|Any CPU
		{26B1AE3E-A1F3-4742-A834-90FCD089D52B}.Debug|iPhoneSimulator.Build.0 = Debug|Any CPU
		{26B1AE3E-A1F3-4742-A834-90FCD089D52B}.Debug|iPhoneSimulator.Deploy.0 = Debug|Any CPU
		{26B1AE3E-A1F3-4742-A834-90FCD089D52B}.Release|Any CPU.ActiveCfg = Release|Any CPU
		{26B1AE3E-A1F3-4742-A834-90FCD089D52B}.Release|Any CPU.Build.0 = Release|Any CPU
		{26B1AE3E-A1F3-4742-A834-90FCD089D52B}.Release|Any CPU.Deploy.0 = Release|Any CPU
		{26B1AE3E-A1F3-4742-A834-90FCD089D52B}.Release|iPhone.ActiveCfg = Release|Any CPU
		{26B1AE3E-A1F3-4742-A834-90FCD089D52B}.Release|iPhone.Build.0 = Release|Any CPU
		{26B1AE3E-A1F3-4742-A834-90FCD089D52B}.Release|iPhone.Deploy.0 = Release|Any CPU
		{26B1AE3E-A1F3-4742-A834-90FCD089D52B}.Release|iPhoneSimulator.ActiveCfg = Release|Any CPU
		{26B1AE3E-A1F3-4742-A834-90FCD089D52B}.Release|iPhoneSimulator.Build.0 = Release|Any CPU
		{26B1AE3E-A1F3-4742-A834-90FCD089D52B}.Release|iPhoneSimulator.Deploy.0 = Release|Any CPU
		{303BEB4A-9CB7-4CD6-A5CC-D9FCF5298115}.Debug|Any CPU.ActiveCfg = Debug|iPhone
		{303BEB4A-9CB7-4CD6-A5CC-D9FCF5298115}.Debug|Any CPU.Build.0 = Debug|iPhone
		{303BEB4A-9CB7-4CD6-A5CC-D9FCF5298115}.Debug|Any CPU.Deploy.0 = Debug|iPhone
		{303BEB4A-9CB7-4CD6-A5CC-D9FCF5298115}.Debug|iPhone.ActiveCfg = Debug|iPhone
		{303BEB4A-9CB7-4CD6-A5CC-D9FCF5298115}.Debug|iPhone.Build.0 = Debug|iPhone
		{303BEB4A-9CB7-4CD6-A5CC-D9FCF5298115}.Debug|iPhone.Deploy.0 = Debug|iPhone
		{303BEB4A-9CB7-4CD6-A5CC-D9FCF5298115}.Debug|iPhoneSimulator.ActiveCfg = Debug|iPhoneSimulator
		{303BEB4A-9CB7-4CD6-A5CC-D9FCF5298115}.Debug|iPhoneSimulator.Build.0 = Debug|iPhoneSimulator
		{303BEB4A-9CB7-4CD6-A5CC-D9FCF5298115}.Debug|iPhoneSimulator.Deploy.0 = Debug|iPhoneSimulator
		{303BEB4A-9CB7-4CD6-A5CC-D9FCF5298115}.Release|Any CPU.ActiveCfg = Release|iPhoneSimulator
		{303BEB4A-9CB7-4CD6-A5CC-D9FCF5298115}.Release|Any CPU.Build.0 = Release|iPhoneSimulator
		{303BEB4A-9CB7-4CD6-A5CC-D9FCF5298115}.Release|Any CPU.Deploy.0 = Release|iPhoneSimulator
		{303BEB4A-9CB7-4CD6-A5CC-D9FCF5298115}.Release|iPhone.ActiveCfg = Release|iPhone
		{303BEB4A-9CB7-4CD6-A5CC-D9FCF5298115}.Release|iPhone.Build.0 = Release|iPhone
		{303BEB4A-9CB7-4CD6-A5CC-D9FCF5298115}.Release|iPhone.Deploy.0 = Release|iPhone
		{303BEB4A-9CB7-4CD6-A5CC-D9FCF5298115}.Release|iPhoneSimulator.ActiveCfg = Release|iPhoneSimulator
		{303BEB4A-9CB7-4CD6-A5CC-D9FCF5298115}.Release|iPhoneSimulator.Build.0 = Release|iPhoneSimulator
		{303BEB4A-9CB7-4CD6-A5CC-D9FCF5298115}.Release|iPhoneSimulator.Deploy.0 = Release|iPhoneSimulator
		{2A3C97E8-F312-4E72-AFDB-B7B875326A48}.Debug|Any CPU.ActiveCfg = Debug|Any CPU
		{2A3C97E8-F312-4E72-AFDB-B7B875326A48}.Debug|Any CPU.Build.0 = Debug|Any CPU
		{2A3C97E8-F312-4E72-AFDB-B7B875326A48}.Debug|Any CPU.Deploy.0 = Debug|Any CPU
		{2A3C97E8-F312-4E72-AFDB-B7B875326A48}.Debug|iPhone.ActiveCfg = Debug|Any CPU
		{2A3C97E8-F312-4E72-AFDB-B7B875326A48}.Debug|iPhone.Build.0 = Debug|Any CPU
		{2A3C97E8-F312-4E72-AFDB-B7B875326A48}.Debug|iPhone.Deploy.0 = Debug|Any CPU
		{2A3C97E8-F312-4E72-AFDB-B7B875326A48}.Debug|iPhoneSimulator.ActiveCfg = Debug|Any CPU
		{2A3C97E8-F312-4E72-AFDB-B7B875326A48}.Debug|iPhoneSimulator.Build.0 = Debug|Any CPU
		{2A3C97E8-F312-4E72-AFDB-B7B875326A48}.Debug|iPhoneSimulator.Deploy.0 = Debug|Any CPU
		{2A3C97E8-F312-4E72-AFDB-B7B875326A48}.Release|Any CPU.ActiveCfg = Release|Any CPU
		{2A3C97E8-F312-4E72-AFDB-B7B875326A48}.Release|Any CPU.Build.0 = Release|Any CPU
		{2A3C97E8-F312-4E72-AFDB-B7B875326A48}.Release|Any CPU.Deploy.0 = Release|Any CPU
		{2A3C97E8-F312-4E72-AFDB-B7B875326A48}.Release|iPhone.ActiveCfg = Release|Any CPU
		{2A3C97E8-F312-4E72-AFDB-B7B875326A48}.Release|iPhone.Build.0 = Release|Any CPU
		{2A3C97E8-F312-4E72-AFDB-B7B875326A48}.Release|iPhone.Deploy.0 = Release|Any CPU
		{2A3C97E8-F312-4E72-AFDB-B7B875326A48}.Release|iPhoneSimulator.ActiveCfg = Release|Any CPU
		{2A3C97E8-F312-4E72-AFDB-B7B875326A48}.Release|iPhoneSimulator.Build.0 = Release|Any CPU
		{2A3C97E8-F312-4E72-AFDB-B7B875326A48}.Release|iPhoneSimulator.Deploy.0 = Release|Any CPU
	EndGlobalSection
	GlobalSection(SolutionProperties) = preSolution
		HideSolutionNode = FALSE
	EndGlobalSection
	GlobalSection(ExtensibilityGlobals) = postSolution
		SolutionGuid = {59E0CEB5-7727-40C3-8808-B949314820AE}
	EndGlobalSection
EndGlobal
